
Microsoft Visual Studio Solution File, Format Version 12.00
# Visual Studio Version 17
VisualStudioVersion = 17.5.002.0
MinimumVisualStudioVersion = 10.0.40219.1
Project("{9A19103F-16F7-4668-BE54-9A1E7A4F7556}") = "Atividade_ayrlon_dotnet", "Atividade_ayrlon_dotnet.csproj", "{AA5E154F-3681-4A5D-9D8C-7C954FF85F75}"
EndProject
Global
	GlobalSection(SolutionConfigurationPlatforms) = preSolution
		Debug|Any CPU = Debug|Any CPU
		Release|Any CPU = Release|Any CPU
	EndGlobalSection
	GlobalSection(ProjectConfigurationPlatforms) = postSolution
		{AA5E154F-3681-4A5D-9D8C-7C954FF85F75}.Debug|Any CPU.ActiveCfg = Debug|Any CPU
		{AA5E154F-3681-4A5D-9D8C-7C954FF85F75}.Debug|Any CPU.Build.0 = Debug|Any CPU
		{AA5E154F-3681-4A5D-9D8C-7C954FF85F75}.Release|Any CPU.ActiveCfg = Release|Any CPU
		{AA5E154F-3681-4A5D-9D8C-7C954FF85F75}.Release|Any CPU.Build.0 = Release|Any CPU
	EndGlobalSection
	GlobalSection(SolutionProperties) = preSolution
		HideSolutionNode = FALSE
	EndGlobalSection
	GlobalSection(ExtensibilityGlobals) = postSolution
		SolutionGuid = {54065565-A445-439E-AA94-F8CB26B627C2}
	EndGlobalSection
EndGlobal
